
Microsoft Visual Studio Solution File, Format Version 12.00
# Visual Studio Version 17
VisualStudioVersion = 17.9.34622.214
MinimumVisualStudioVersion = 10.0.40219.1
Project("{9A19103F-16F7-4668-BE54-9A1E7A4F7556}") = "CarsRent", "CarsRent.csproj", "{B9ECB22F-16A2-4434-BEA1-7F06D3857977}"
EndProject
Project("{FAE04EC0-301F-11D3-BF4B-00C04F79EFBC}") = "CarsRentEF", "CarsRentEF\CarsRentEF.csproj", "{42C356F3-E4C5-473A-8389-C6E2B3E1AB56}"
EndProject
Global
	GlobalSection(SolutionConfigurationPlatforms) = preSolution
		Debug|Any CPU = Debug|Any CPU
		Release|Any CPU = Release|Any CPU
	EndGlobalSection
	GlobalSection(ProjectConfigurationPlatforms) = postSolution
		{B9ECB22F-16A2-4434-BEA1-7F06D3857977}.Debug|Any CPU.ActiveCfg = Debug|Any CPU
		{B9ECB22F-16A2-4434-BEA1-7F06D3857977}.Debug|Any CPU.Build.0 = Debug|Any CPU
		{B9ECB22F-16A2-4434-BEA1-7F06D3857977}.Release|Any CPU.ActiveCfg = Release|Any CPU
		{B9ECB22F-16A2-4434-BEA1-7F06D3857977}.Release|Any CPU.Build.0 = Release|Any CPU
		{42C356F3-E4C5-473A-8389-C6E2B3E1AB56}.Debug|Any CPU.ActiveCfg = Debug|Any CPU
		{42C356F3-E4C5-473A-8389-C6E2B3E1AB56}.Debug|Any CPU.Build.0 = Debug|Any CPU
		{42C356F3-E4C5-473A-8389-C6E2B3E1AB56}.Release|Any CPU.ActiveCfg = Release|Any CPU
		{42C356F3-E4C5-473A-8389-C6E2B3E1AB56}.Release|Any CPU.Build.0 = Release|Any CPU
	EndGlobalSection
	GlobalSection(SolutionProperties) = preSolution
		HideSolutionNode = FALSE
	EndGlobalSection
	GlobalSection(ExtensibilityGlobals) = postSolution
		SolutionGuid = {2C22877C-CBE1-43FE-9EF7-E5B3E4C166BD}
	EndGlobalSection
EndGlobal
